
Microsoft Visual Studio Solution File, Format Version 12.00
# Visual Studio 15
VisualStudioVersion = 15.0.28307.572
MinimumVisualStudioVersion = 10.0.40219.1
Project("{FAE04EC0-301F-11D3-BF4B-00C04F79EFBC}") = "SamplePersonCrud", "SamplePersonCrud\SamplePersonCrud.csproj", "{2D020848-25C6-48B1-90C6-F40C56FF76CA}"
EndProject
Global
	GlobalSection(SolutionConfigurationPlatforms) = preSolution
		Debug|Any CPU = Debug|Any CPU
		Release|Any CPU = Release|Any CPU
	EndGlobalSection
	GlobalSection(ProjectConfigurationPlatforms) = postSolution
		{2D020848-25C6-48B1-90C6-F40C56FF76CA}.Debug|Any CPU.ActiveCfg = Debug|Any CPU
		{2D020848-25C6-48B1-90C6-F40C56FF76CA}.Debug|Any CPU.Build.0 = Debug|Any CPU
		{2D020848-25C6-48B1-90C6-F40C56FF76CA}.Release|Any CPU.ActiveCfg = Release|Any CPU
		{2D020848-25C6-48B1-90C6-F40C56FF76CA}.Release|Any CPU.Build.0 = Release|Any CPU
	EndGlobalSection
	GlobalSection(SolutionProperties) = preSolution
		HideSolutionNode = FALSE
	EndGlobalSection
	GlobalSection(ExtensibilityGlobals) = postSolution
		SolutionGuid = {408966B7-741A-4CFC-B941-8180850C7E12}
	EndGlobalSection
EndGlobal
